
Microsoft Visual Studio Solution File, Format Version 12.00
# Visual Studio Version 17
VisualStudioVersion = 17.2.32602.215
MinimumVisualStudioVersion = 10.0.40219.1
Project("{FAE04EC0-301F-11D3-BF4B-00C04F79EFBC}") = "algoritmos-busca", "algoritmos-busca\algoritmos-busca.csproj", "{784767FC-9FF9-4629-B2CC-846838324CBD}"
EndProject
Global
	GlobalSection(SolutionConfigurationPlatforms) = preSolution
		Debug|Any CPU = Debug|Any CPU
		Release|Any CPU = Release|Any CPU
	EndGlobalSection
	GlobalSection(ProjectConfigurationPlatforms) = postSolution
		{784767FC-9FF9-4629-B2CC-846838324CBD}.Debug|Any CPU.ActiveCfg = Debug|Any CPU
		{784767FC-9FF9-4629-B2CC-846838324CBD}.Debug|Any CPU.Build.0 = Debug|Any CPU
		{784767FC-9FF9-4629-B2CC-846838324CBD}.Release|Any CPU.ActiveCfg = Release|Any CPU
		{784767FC-9FF9-4629-B2CC-846838324CBD}.Release|Any CPU.Build.0 = Release|Any CPU
	EndGlobalSection
	GlobalSection(SolutionProperties) = preSolution
		HideSolutionNode = FALSE
	EndGlobalSection
	GlobalSection(ExtensibilityGlobals) = postSolution
		SolutionGuid = {28E57293-11A8-434E-A675-D751F19A8B6D}
	EndGlobalSection
EndGlobal
